// !$*UTF8*$!
{
	archiveVersion = 1;
	classes = {
	};
	objectVersion = 77;
	objects = {

/* Begin PBXContainerItemProxy section */
		7D53D1202E9386EB003871AC /* PBXContainerItemProxy */ = {
			isa = PBXContainerItemProxy;
			containerPortal = 7D53D1012E9386E9003871AC /* Project object */;
			proxyType = 1;
			remoteGlobalIDString = 7D53D1082E9386E9003871AC;
			remoteInfo = "audio-io";
		};
		7D53D12A2E9386EB003871AC /* PBXContainerItemProxy */ = {
			isa = PBXContainerItemProxy;
			containerPortal = 7D53D1012E9386E9003871AC /* Project object */;
			proxyType = 1;
			remoteGlobalIDString = 7D53D1082E9386E9003871AC;
			remoteInfo = "audio-io";
		};
/* End PBXContainerItemProxy section */

/* Begin PBXFileReference section */
		7D53D1092E9386E9003871AC /* audio-io.app */ = {isa = PBXFileReference; explicitFileType = wrapper.application; includeInIndex = 0; path = "audio-io.app"; sourceTree = BUILT_PRODUCTS_DIR; };
		7D53D11F2E9386EB003871AC /* audio-ioTests.xctest */ = {isa = PBXFileReference; explicitFileType = wrapper.cfbundle; includeInIndex = 0; path = "audio-ioTests.xctest"; sourceTree = BUILT_PRODUCTS_DIR; };
		7D53D1292E9386EB003871AC /* audio-ioUITests.xctest */ = {isa = PBXFileReference; explicitFileType = wrapper.cfbundle; includeInIndex = 0; path = "audio-ioUITests.xctest"; sourceTree = BUILT_PRODUCTS_DIR; };
/* End PBXFileReference section */

/* Begin PBXFileSystemSynchronizedBuildFileExceptionSet section */
		7D53D1312E9386EB003871AC /* Exceptions for "audio-io" folder in "audio-io" target */ = {
			isa = PBXFileSystemSynchronizedBuildFileExceptionSet;
			membershipExceptions = (
				Info.plist,
			);
			target = 7D53D1082E9386E9003871AC /* audio-io */;
		};
/* End PBXFileSystemSynchronizedBuildFileExceptionSet section */

/* Begin PBXFileSystemSynchronizedRootGroup section */
		7D53D10B2E9386E9003871AC /* audio-io */ = {
			isa = PBXFileSystemSynchronizedRootGroup;
			exceptions = (
				7D53D1312E9386EB003871AC /* Exceptions for "audio-io" folder in "audio-io" target */,
			);
			path = "audio-io";
			sourceTree = "<group>";
		};
		7D53D1222E9386EB003871AC /* audio-ioTests */ = {
			isa = PBXFileSystemSynchronizedRootGroup;
			path = "audio-ioTests";
			sourceTree = "<group>";
		};
		7D53D12C2E9386EB003871AC /* audio-ioUITests */ = {
			isa = PBXFileSystemSynchronizedRootGroup;
			path = "audio-ioUITests";
			sourceTree = "<group>";
		};
/* End PBXFileSystemSynchronizedRootGroup section */

/* Begin PBXFrameworksBuildPhase section */
		7D53D1062E9386E9003871AC /* Frameworks */ = {
			isa = PBXFrameworksBuildPhase;
			buildActionMask = 2147483647;
			files = (
			);
			runOnlyForDeploymentPostprocessing = 0;
		};
		7D53D11C2E9386EB003871AC /* Frameworks */ = {
			isa = PBXFrameworksBuildPhase;
			buildActionMask = 2147483647;
			files = (
			);
			runOnlyForDeploymentPostprocessing = 0;
		};
		7D53D1262E9386EB003871AC /* Frameworks */ = {
			isa = PBXFrameworksBuildPhase;
			buildActionMask = 2147483647;
			files = (
			);
			runOnlyForDeploymentPostprocessing = 0;
		};
/* End PBXFrameworksBuildPhase section */

/* Begin PBXGroup section */
		7D53D1002E9386E9003871AC = {
			isa = PBXGroup;
			children = (
				7D53D10B2E9386E9003871AC /* audio-io */,
				7D53D1222E9386EB003871AC /* audio-ioTests */,
				7D53D12C2E9386EB003871AC /* audio-ioUITests */,
				7D53D10A2E9386E9003871AC /* Products */,
			);
			sourceTree = "<group>";
		};
		7D53D10A2E9386E9003871AC /* Products */ = {
			isa = PBXGroup;
			children = (
				7D53D1092E9386E9003871AC /* audio-io.app */,
				7D53D11F2E9386EB003871AC /* audio-ioTests.xctest */,
				7D53D1292E9386EB003871AC /* audio-ioUITests.xctest */,
			);
			name = Products;
			sourceTree = "<group>";
		};
/* End PBXGroup section */

/* Begin PBXNativeTarget section */
		7D53D1082E9386E9003871AC /* audio-io */ = {
			isa = PBXNativeTarget;
			buildConfigurationList = 7D53D1322E9386EB003871AC /* Build configuration list for PBXNativeTarget "audio-io" */;
			buildPhases = (
				7D53D1052E9386E9003871AC /* Sources */,
				7D53D1062E9386E9003871AC /* Frameworks */,
				7D53D1072E9386E9003871AC /* Resources */,
			);
			buildRules = (
			);
			dependencies = (
			);
			fileSystemSynchronizedGroups = (
				7D53D10B2E9386E9003871AC /* audio-io */,
			);
			name = "audio-io";
			packageProductDependencies = (
			);
			productName = "audio-io";
			productReference = 7D53D1092E9386E9003871AC /* audio-io.app */;
			productType = "com.apple.product-type.application";
		};
		7D53D11E2E9386EB003871AC /* audio-ioTests */ = {
			isa = PBXNativeTarget;
			buildConfigurationList = 7D53D1372E9386EB003871AC /* Build configuration list for PBXNativeTarget "audio-ioTests" */;
			buildPhases = (
				7D53D11B2E9386EB003871AC /* Sources */,
				7D53D11C2E9386EB003871AC /* Frameworks */,
				7D53D11D2E9386EB003871AC /* Resources */,
			);
			buildRules = (
			);
			dependencies = (
				7D53D1212E9386EB003871AC /* PBXTargetDependency */,
			);
			fileSystemSynchronizedGroups = (
				7D53D1222E9386EB003871AC /* audio-ioTests */,
			);
			name = "audio-ioTests";
			packageProductDependencies = (
			);
			productName = "audio-ioTests";
			productReference = 7D53D11F2E9386EB003871AC /* audio-ioTests.xctest */;
			productType = "com.apple.product-type.bundle.unit-test";
		};
		7D53D1282E9386EB003871AC /* audio-ioUITests */ = {
			isa = PBXNativeTarget;
			buildConfigurationList = 7D53D13A2E9386EB003871AC /* Build configuration list for PBXNativeTarget "audio-ioUITests" */;
			buildPhases = (
				7D53D1252E9386EB003871AC /* Sources */,
				7D53D1262E9386EB003871AC /* Frameworks */,
				7D53D1272E9386EB003871AC /* Resources */,
			);
			buildRules = (
			);
			dependencies = (
				7D53D12B2E9386EB003871AC /* PBXTargetDependency */,
			);
			fileSystemSynchronizedGroups = (
				7D53D12C2E9386EB003871AC /* audio-ioUITests */,
			);
			name = "audio-ioUITests";
			packageProductDependencies = (
			);
			productName = "audio-ioUITests";
			productReference = 7D53D1292E9386EB003871AC /* audio-ioUITests.xctest */;
			productType = "com.apple.product-type.bundle.ui-testing";
		};
/* End PBXNativeTarget section */

/* Begin PBXProject section */
		7D53D1012E9386E9003871AC /* Project object */ = {
			isa = PBXProject;
			attributes = {
				BuildIndependentTargetsInParallel = 1;
				LastSwiftUpdateCheck = 1640;
				LastUpgradeCheck = 1640;
				TargetAttributes = {
					7D53D1082E9386E9003871AC = {
						CreatedOnToolsVersion = 16.4;
					};
					7D53D11E2E9386EB003871AC = {
						CreatedOnToolsVersion = 16.4;
						TestTargetID = 7D53D1082E9386E9003871AC;
					};
					7D53D1282E9386EB003871AC = {
						CreatedOnToolsVersion = 16.4;
						TestTargetID = 7D53D1082E9386E9003871AC;
					};
				};
			};
			buildConfigurationList = 7D53D1042E9386E9003871AC /* Build configuration list for PBXProject "audio-io" */;
			developmentRegion = en;
			hasScannedForEncodings = 0;
			knownRegions = (
				en,
				Base,
			);
			mainGroup = 7D53D1002E9386E9003871AC;
			minimizedProjectReferenceProxies = 1;
			preferredProjectObjectVersion = 77;
			productRefGroup = 7D53D10A2E9386E9003871AC /* Products */;
			projectDirPath = "";
			projectRoot = "";
			targets = (
				7D53D1082E9386E9003871AC /* audio-io */,
				7D53D11E2E9386EB003871AC /* audio-ioTests */,
				7D53D1282E9386EB003871AC /* audio-ioUITests */,
			);
		};
/* End PBXProject section */

/* Begin PBXResourcesBuildPhase section */
		7D53D1072E9386E9003871AC /* Resources */ = {
			isa = PBXResourcesBuildPhase;
			buildActionMask = 2147483647;
			files = (
			);
			runOnlyForDeploymentPostprocessing = 0;
		};
		7D53D11D2E9386EB003871AC /* Resources */ = {
			isa = PBXResourcesBuildPhase;
			buildActionMask = 2147483647;
			files = (
			);
			runOnlyForDeploymentPostprocessing = 0;
		};
		7D53D1272E9386EB003871AC /* Resources */ = {
			isa = PBXResourcesBuildPhase;
			buildActionMask = 2147483647;
			files = (
			);
			runOnlyForDeploymentPostprocessing = 0;
		};
/* End PBXResourcesBuildPhase section */

/* Begin PBXSourcesBuildPhase section */
		7D53D1052E9386E9003871AC /* Sources */ = {
			isa = PBXSourcesBuildPhase;
			buildActionMask = 2147483647;
			files = (
			);
			runOnlyForDeploymentPostprocessing = 0;
		};
		7D53D11B2E9386EB003871AC /* Sources */ = {
			isa = PBXSourcesBuildPhase;
			buildActionMask = 2147483647;
			files = (
			);
			runOnlyForDeploymentPostprocessing = 0;
		};
		7D53D1252E9386EB003871AC /* Sources */ = {
			isa = PBXSourcesBuildPhase;
			buildActionMask = 2147483647;
			files = (
			);
			runOnlyForDeploymentPostprocessing = 0;
		};
/* End PBXSourcesBuildPhase section */

/* Begin PBXTargetDependency section */
		7D53D1212E9386EB003871AC /* PBXTargetDependency */ = {
			isa = PBXTargetDependency;
			target = 7D53D1082E9386E9003871AC /* audio-io */;
			targetProxy = 7D53D1202E9386EB003871AC /* PBXContainerItemProxy */;
		};
		7D53D12B2E9386EB003871AC /* PBXTargetDependency */ = {
			isa = PBXTargetDependency;
			target = 7D53D1082E9386E9003871AC /* audio-io */;
			targetProxy = 7D53D12A2E9386EB003871AC /* PBXContainerItemProxy */;
		};
/* End PBXTargetDependency section */

/* Begin XCBuildConfiguration section */
		7D53D1332E9386EB003871AC /* Debug */ = {
			isa = XCBuildConfiguration;
			buildSettings = {
				ASSETCATALOG_COMPILER_APPICON_NAME = AppIcon;
				ASSETCATALOG_COMPILER_GLOBAL_ACCENT_COLOR_NAME = AccentColor;
				CODE_SIGN_STYLE = Automatic;
				CURRENT_PROJECT_VERSION = 1;
				DEVELOPMENT_TEAM = SYYDBNVCVD;
				GENERATE_INFOPLIST_FILE = YES;
				INFOPLIST_FILE = "audio-io/Info.plist";
				INFOPLIST_KEY_UIApplicationSupportsIndirectInputEvents = YES;
				INFOPLIST_KEY_UILaunchStoryboardName = LaunchScreen;
				INFOPLIST_KEY_UIMainStoryboardFile = Main;
				INFOPLIST_KEY_UISupportedInterfaceOrientations_iPad = "UIInterfaceOrientationPortrait UIInterfaceOrientationPortraitUpsideDown UIInterfaceOrientationLandscapeLeft UIInterfaceOrientationLandscapeRight";
				INFOPLIST_KEY_UISupportedInterfaceOrientations_iPhone = "UIInterfaceOrientationPortrait UIInterfaceOrientationLandscapeLeft UIInterfaceOrientationLandscapeRight";
				LD_RUNPATH_SEARCH_PATHS = (
					"$(inherited)",
					"@executable_path/Frameworks",
				);
				MARKETING_VERSION = 1.0;
				PRODUCT_BUNDLE_IDENTIFIER = "anplus.audio-io";
				PRODUCT_NAME = "$(TARGET_NAME)";
				SWIFT_EMIT_LOC_STRINGS = YES;
				SWIFT_VERSION = 5.0;
				TARGETED_DEVICE_FAMILY = "1,2";
			};
			name = Debug;
		};
		7D53D1342E9386EB003871AC /* Release */ = {
			isa = XCBuildConfiguration;
			buildSettings = {
				ASSETCATALOG_COMPILER_APPICON_NAME = AppIcon;
				ASSETCATALOG_COMPILER_GLOBAL_ACCENT_COLOR_NAME = AccentColor;
				CODE_SIGN_STYLE = Automatic;
				CURRENT_PROJECT_VERSION = 1;
				DEVELOPMENT_TEAM = SYYDBNVCVD;
				GENERATE_INFOPLIST_FILE = YES;
				INFOPLIST_FILE = "audio-io/Info.plist";
				INFOPLIST_KEY_UIApplicationSupportsIndirectInputEvents = YES;
				INFOPLIST_KEY_UILaunchStoryboardName = LaunchScreen;
				INFOPLIST_KEY_UIMainStoryboardFile = Main;
				INFOPLIST_KEY_UISupportedInterfaceOrientations_iPad = "UIInterfaceOrientationPortrait UIInterfaceOrientationPortraitUpsideDown UIInterfaceOrientationLandscapeLeft UIInterfaceOrientationLandscapeRight";
				INFOPLIST_KEY_UISupportedInterfaceOrientations_iPhone = "UIInterfaceOrientationPortrait UIInterfaceOrientationLandscapeLeft UIInterfaceOrientationLandscapeRight";
				LD_RUNPATH_SEARCH_PATHS = (
					"$(inherited)",
					"@executable_path/Frameworks",
				);
				MARKETING_VERSION = 1.0;
				PRODUCT_BUNDLE_IDENTIFIER = "anplus.audio-io";
				PRODUCT_NAME = "$(TARGET_NAME)";
				SWIFT_EMIT_LOC_STRINGS = YES;
				SWIFT_VERSION = 5.0;
				TARGETED_DEVICE_FAMILY = "1,2";
			};
			name = Release;
		};
		7D53D1352E9386EB003871AC /* Debug */ = {
			isa = XCBuildConfiguration;
			buildSettings = {
				ALWAYS_SEARCH_USER_PATHS = NO;
				ASSETCATALOG_COMPILER_GENERATE_SWIFT_ASSET_SYMBOL_EXTENSIONS = YES;
				CLANG_ANALYZER_NONNULL = YES;
				CLANG_ANALYZER_NUMBER_OBJECT_CONVERSION = YES_AGGRESSIVE;
				CLANG_CXX_LANGUAGE_STANDARD = "gnu++20";
				CLANG_ENABLE_MODULES = YES;
				CLANG_ENABLE_OBJC_ARC = YES;
				CLANG_ENABLE_OBJC_WEAK = YES;
				CLANG_WARN_BLOCK_CAPTURE_AUTORELEASING = YES;
				CLANG_WARN_BOOL_CONVERSION = YES;
				CLANG_WARN_COMMA = YES;
				CLANG_WARN_CONSTANT_CONVERSION = YES;
				CLANG_WARN_DEPRECATED_OBJC_IMPLEMENTATIONS = YES;
				CLANG_WARN_DIRECT_OBJC_ISA_USAGE = YES_ERROR;
				CLANG_WARN_DOCUMENTATION_COMMENTS = YES;
				CLANG_WARN_EMPTY_BODY = YES;
				CLANG_WARN_ENUM_CONVERSION = YES;
				CLANG_WARN_INFINITE_RECURSION = YES;
				CLANG_WARN_INT_CONVERSION = YES;
				CLANG_WARN_NON_LITERAL_NULL_CONVERSION = YES;
				CLANG_WARN_OBJC_IMPLICIT_RETAIN_SELF = YES;
				CLANG_WARN_OBJC_LITERAL_CONVERSION = YES;
				CLANG_WARN_OBJC_ROOT_CLASS = YES_ERROR;
				CLANG_WARN_QUOTED_INCLUDE_IN_FRAMEWORK_HEADER = YES;
				CLANG_WARN_RANGE_LOOP_ANALYSIS = YES;
				CLANG_WARN_STRICT_PROTOTYPES = YES;
				CLANG_WARN_SUSPICIOUS_MOVE = YES;
				CLANG_WARN_UNGUARDED_AVAILABILITY = YES_AGGRESSIVE;
				CLANG_WARN_UNREACHABLE_CODE = YES;
				CLANG_WARN__DUPLICATE_METHOD_MATCH = YES;
				COPY_PHASE_STRIP = NO;
				DEBUG_INFORMATION_FORMAT = dwarf;
				DEVELOPMENT_TEAM = SYYDBNVCVD;
				ENABLE_STRICT_OBJC_MSGSEND = YES;
				ENABLE_TESTABILITY = YES;
				ENABLE_USER_SCRIPT_SANDBOXING = YES;
				GCC_C_LANGUAGE_STANDARD = gnu17;
				GCC_DYNAMIC_NO_PIC = NO;
				GCC_NO_COMMON_BLOCKS = YES;
				GCC_OPTIMIZATION_LEVEL = 0;
				GCC_PREPROCESSOR_DEFINITIONS = (
					"DEBUG=1",
					"$(inherited)",
				);
				GCC_WARN_64_TO_32_BIT_CONVERSION = YES;
				GCC_WARN_ABOUT_RETURN_TYPE = YES_ERROR;
				GCC_WARN_UNDECLARED_SELECTOR = YES;
				GCC_WARN_UNINITIALIZED_AUTOS = YES_AGGRESSIVE;
				GCC_WARN_UNUSED_FUNCTION = YES;
				GCC_WARN_UNUSED_VARIABLE = YES;
				IPHONEOS_DEPLOYMENT_TARGET = 18.5;
				LOCALIZATION_PREFERS_STRING_CATALOGS = YES;
				MTL_ENABLE_DEBUG_INFO = INCLUDE_SOURCE;
				MTL_FAST_MATH = YES;
				ONLY_ACTIVE_ARCH = YES;
				SDKROOT = iphoneos;
				SWIFT_ACTIVE_COMPILATION_CONDITIONS = "DEBUG $(inherited)";
				SWIFT_OPTIMIZATION_LEVEL = "-Onone";
			};
			name = Debug;
		};
		7D53D1362E9386EB003871AC /* Release */ = {
			isa = XCBuildConfiguration;
			buildSettings = {
				ALWAYS_SEARCH_USER_PATHS = NO;
				ASSETCATALOG_COMPILER_GENERATE_SWIFT_ASSET_SYMBOL_EXTENSIONS = YES;
				CLANG_ANALYZER_NONNULL = YES;
				CLANG_ANALYZER_NUMBER_OBJECT_CONVERSION = YES_AGGRESSIVE;
				CLANG_CXX_LANGUAGE_STANDARD = "gnu++20";
				CLANG_ENABLE_MODULES = YES;
				CLANG_ENABLE_OBJC_ARC = YES;
				CLANG_ENABLE_OBJC_WEAK = YES;
				CLANG_WARN_BLOCK_CAPTURE_AUTORELEASING = YES;
				CLANG_WARN_BOOL_CONVERSION = YES;
				CLANG_WARN_COMMA = YES;
				CLANG_WARN_CONSTANT_CONVERSION = YES;
				CLANG_WARN_DEPRECATED_OBJC_IMPLEMENTATIONS = YES;
				CLANG_WARN_DIRECT_OBJC_ISA_USAGE = YES_ERROR;
				CLANG_WARN_DOCUMENTATION_COMMENTS = YES;
				CLANG_WARN_EMPTY_BODY = YES;
				CLANG_WARN_ENUM_CONVERSION = YES;
				CLANG_WARN_INFINITE_RECURSION = YES;
				CLANG_WARN_INT_CONVERSION = YES;
				CLANG_WARN_NON_LITERAL_NULL_CONVERSION = YES;
				CLANG_WARN_OBJC_IMPLICIT_RETAIN_SELF = YES;
				CLANG_WARN_OBJC_LITERAL_CONVERSION = YES;
				CLANG_WARN_OBJC_ROOT_CLASS = YES_ERROR;
				CLANG_WARN_QUOTED_INCLUDE_IN_FRAMEWORK_HEADER = YES;
				CLANG_WARN_RANGE_LOOP_ANALYSIS = YES;
				CLANG_WARN_STRICT_PROTOTYPES = YES;
				CLANG_WARN_SUSPICIOUS_MOVE = YES;
				CLANG_WARN_UNGUARDED_AVAILABILITY = YES_AGGRESSIVE;
				CLANG_WARN_UNREACHABLE_CODE = YES;
				CLANG_WARN__DUPLICATE_METHOD_MATCH = YES;
				COPY_PHASE_STRIP = NO;
				DEBUG_INFORMATION_FORMAT = "dwarf-with-dsym";
				DEVELOPMENT_TEAM = SYYDBNVCVD;
				ENABLE_NS_ASSERTIONS = NO;
				ENABLE_STRICT_OBJC_MSGSEND = YES;
				ENABLE_USER_SCRIPT_SANDBOXING = YES;
				GCC_C_LANGUAGE_STANDARD = gnu17;
				GCC_NO_COMMON_BLOCKS = YES;
				GCC_WARN_64_TO_32_BIT_CONVERSION = YES;
				GCC_WARN_ABOUT_RETURN_TYPE = YES_ERROR;
				GCC_WARN_UNDECLARED_SELECTOR = YES;
				GCC_WARN_UNINITIALIZED_AUTOS = YES_AGGRESSIVE;
				GCC_WARN_UNUSED_FUNCTION = YES;
				GCC_WARN_UNUSED_VARIABLE = YES;
				IPHONEOS_DEPLOYMENT_TARGET = 18.5;
				LOCALIZATION_PREFERS_STRING_CATALOGS = YES;
				MTL_ENABLE_DEBUG_INFO = NO;
				MTL_FAST_MATH = YES;
				SDKROOT = iphoneos;
				SWIFT_COMPILATION_MODE = wholemodule;
				VALIDATE_PRODUCT = YES;
			};
			name = Release;
		};
		7D53D1382E9386EB003871AC /* Debug */ = {
			isa = XCBuildConfiguration;
			buildSettings = {
				BUNDLE_LOADER = "$(TEST_HOST)";
				CODE_SIGN_STYLE = Automatic;
				CURRENT_PROJECT_VERSION = 1;
				DEVELOPMENT_TEAM = SYYDBNVCVD;
				GENERATE_INFOPLIST_FILE = YES;
				IPHONEOS_DEPLOYMENT_TARGET = 18.5;
				MARKETING_VERSION = 1.0;
				PRODUCT_BUNDLE_IDENTIFIER = "anplus.audio-ioTests";
				PRODUCT_NAME = "$(TARGET_NAME)";
				SWIFT_EMIT_LOC_STRINGS = NO;
				SWIFT_VERSION = 5.0;
				TARGETED_DEVICE_FAMILY = "1,2";
				TEST_HOST = "$(BUILT_PRODUCTS_DIR)/audio-io.app/$(BUNDLE_EXECUTABLE_FOLDER_PATH)/audio-io";
			};
			name = Debug;
		};
		7D53D1392E9386EB003871AC /* Release */ = {
			isa = XCBuildConfiguration;
			buildSettings = {
				BUNDLE_LOADER = "$(TEST_HOST)";
				CODE_SIGN_STYLE = Automatic;
				CURRENT_PROJECT_VERSION = 1;
				DEVELOPMENT_TEAM = SYYDBNVCVD;
				GENERATE_INFOPLIST_FILE = YES;
				IPHONEOS_DEPLOYMENT_TARGET = 18.5;
				MARKETING_VERSION = 1.0;
				PRODUCT_BUNDLE_IDENTIFIER = "anplus.audio-ioTests";
				PRODUCT_NAME = "$(TARGET_NAME)";
				SWIFT_EMIT_LOC_STRINGS = NO;
				SWIFT_VERSION = 5.0;
				TARGETED_DEVICE_FAMILY = "1,2";
				TEST_HOST = "$(BUILT_PRODUCTS_DIR)/audio-io.app/$(BUNDLE_EXECUTABLE_FOLDER_PATH)/audio-io";
			};
			name = Release;
		};
		7D53D13B2E9386EB003871AC /* Debug */ = {
			isa = XCBuildConfiguration;
			buildSettings = {
				CODE_SIGN_STYLE = Automatic;
				CURRENT_PROJECT_VERSION = 1;
				DEVELOPMENT_TEAM = SYYDBNVCVD;
				GENERATE_INFOPLIST_FILE = YES;
				MARKETING_VERSION = 1.0;
				PRODUCT_BUNDLE_IDENTIFIER = "anplus.audio-ioUITests";
				PRODUCT_NAME = "$(TARGET_NAME)";
				SWIFT_EMIT_LOC_STRINGS = NO;
				SWIFT_VERSION = 5.0;
				TARGETED_DEVICE_FAMILY = "1,2";
				TEST_TARGET_NAME = "audio-io";
			};
			name = Debug;
		};
		7D53D13C2E9386EB003871AC /* Release */ = {
			isa = XCBuildConfiguration;
			buildSettings = {
				CODE_SIGN_STYLE = Automatic;
				CURRENT_PROJECT_VERSION = 1;
				DEVELOPMENT_TEAM = SYYDBNVCVD;
				GENERATE_INFOPLIST_FILE = YES;
				MARKETING_VERSION = 1.0;
				PRODUCT_BUNDLE_IDENTIFIER = "anplus.audio-ioUITests";
				PRODUCT_NAME = "$(TARGET_NAME)";
				SWIFT_EMIT_LOC_STRINGS = NO;
				SWIFT_VERSION = 5.0;
				TARGETED_DEVICE_FAMILY = "1,2";
				TEST_TARGET_NAME = "audio-io";
			};
			name = Release;
		};
/* End XCBuildConfiguration section */

/* Begin XCConfigurationList section */
		7D53D1042E9386E9003871AC /* Build configuration list for PBXProject "audio-io" */ = {
			isa = XCConfigurationList;
			buildConfigurations = (
				7D53D1352E9386EB003871AC /* Debug */,
				7D53D1362E9386EB003871AC /* Release */,
			);
			defaultConfigurationIsVisible = 0;
			defaultConfigurationName = Release;
		};
		7D53D1322E9386EB003871AC /* Build configuration list for PBXNativeTarget "audio-io" */ = {
			isa = XCConfigurationList;
			buildConfigurations = (
				7D53D1332E9386EB003871AC /* Debug */,
				7D53D1342E9386EB003871AC /* Release */,
			);
			defaultConfigurationIsVisible = 0;
			defaultConfigurationName = Release;
		};
		7D53D1372E9386EB003871AC /* Build configuration list for PBXNativeTarget "audio-ioTests" */ = {
			isa = XCConfigurationList;
			buildConfigurations = (
				7D53D1382E9386EB003871AC /* Debug */,
				7D53D1392E9386EB003871AC /* Release */,
			);
			defaultConfigurationIsVisible = 0;
			defaultConfigurationName = Release;
		};
		7D53D13A2E9386EB003871AC /* Build configuration list for PBXNativeTarget "audio-ioUITests" */ = {
			isa = XCConfigurationList;
			buildConfigurations = (
				7D53D13B2E9386EB003871AC /* Debug */,
				7D53D13C2E9386EB003871AC /* Release */,
			);
			defaultConfigurationIsVisible = 0;
			defaultConfigurationName = Release;
		};
/* End XCConfigurationList section */
	};
	rootObject = 7D53D1012E9386E9003871AC /* Project object */;
}
